cloud.google.com/go/compute/metadata v0.5.2 h1:UxK4uu/Tn+I3p2dYWTfiX4wva7aYlKixAHn3fyqngqo=
cloud.google.com/go/compute/metadata v0.5.2/go.mod h1:C66sj2AluDcIqakBq/M8lw8/ybHgOZqin2obFxa/E5k=
github.com/GoogleCloudPlatform/opentelemetry-operations-go/detectors/gcp v1.24.2 h1:cZpsGsWTIFKymTA0je7IIvi1O7Es7apb9CF3EQlOcfE=
github.com/GoogleCloudPlatform/opentelemetry-operations-go/detectors/gcp v1.24.2/go.mod h1:itPGVDKf9cC/ov4MdvJ2QZ0khw4bfoo9jzwTJlaxy2k=
github.com/beorn7/perks v1.0.1 h1:VlbKKnNfV8bJzeqoa4cOKqO6bYr3WgKZxO8Z16+hsOM=
github.com/beorn7/perks v1.0.1/go.mod h1:G2ZrVWU2WbWT9wwq4/hrbKbnv/1ERSJQ0ibhJ6rlkpw=
github.com/cenkalti/backoff/v4 v4.3.0 h1:MyRJ/UdXutAwSAT+s3wNd7MfTIcy71VQueUuFK343L8=
github.com/cenkalti/backoff/v4 v4.3.0/go.mod h1:Y3VNntkOUPxTVeUxJ/G5vcM//AlwfmyYozVcomhLiZE=
github.com/cespare/xxhash/v2 v2.3.0 h1:UL815xU9SqsFlibzuggzjXhog7bL6oX9BbNZnL2UFvs=
github.com/cespare/xxhash/v2 v2.3.0/go.mod h1:VGX0DQ3Q6kWi7AoAeZDth3/j3BFtOZR5XLFGgcrjCOs=
github.com/davecgh/go-spew v1.1.1 h1:vj9j/u1bqnvCEfJOwUhtlOARqs3+rkHYY13jYWTU97c=
github.com/davecgh/go-spew v1.1.1/go.mod h1:J7Y8YcW2NihsgmVo/mv3lAwl/skON4iLHjSsI+c5H38=
github.com/fatih/color v1.16.0 h1:zmkK9Ngbjj+K0yRhTVONQh1p/HknKYSlNT+vZCzyokM=
github.com/fatih/color v1.16.0/go.mod h1:fL2Sau1YI5c0pdGEVCbKQbLXB6edEj1ZgiY4NijnWvE=
github.com/felixge/httpsnoop v1.0.4 h1:NFTV2Zj1bL4mc9sqWACXbQFVBBg2W3GPvqp8/ESS2Wg=
github.com/felixge/httpsnoop v1.0.4/go.mod h1:m8KPJKqk1gH5J9DgRY2ASl2lWCfGKXixSwevea8zH2U=
github.com/gabriel-vasile/mimetype v1.4.9 h1:5k+WDwEsD9eTLL8Tz3L0VnmVh9QxGjRmjBvAG7U/oYY=
github.com/gabriel-vasile/mimetype v1.4.9/go.mod h1:WnSQhFKJuBlRyLiKohA/2DtIlPFAbguNaG7QCHcyGok=
github.com/getkin/kin-openapi v0.132.0 h1:3ISeLMsQzcb5v26yeJrBcdTCEQTag36ZjaGk7MIRUwk=
github.com/getkin/kin-openapi v0.132.0/go.mod h1:3OlG51PCYNsPByuiMB0t4fjnNlIDnaEDsjiKUV8nL58=
github.com/getsentry/sentry-go v0.29.1 h1:DyZuChN8Hz3ARxGVV8ePaNXh1dQ7d76AiB117xcREwA=
github.com/getsentry/sentry-go v0.29.1/go.mod h1:x3AtIzN01d6SiWkderzaH28Tm0lgkafpJ5Bm3li39O0=
github.com/go-errors/errors v1.4.2 h1:J6MZopCL4uSllY1OfXM374weqZFFItUbrImctkmUxIA=
github.com/go-errors/errors v1.4.2/go.mod h1:sIVyrIiJhuEF+Pj9Ebtd6P/rEYROXFi3BopGUQ5a5Og=
github.com/go-logr/logr v1.2.2/go.mod h1:jdQByPbusPIv2/zmleS9BjJVeZ6kBagPoEUsqbVz/1A=
github.com/go-logr/logr v1.4.3 h1:CjnDlHq8ikf6E492q6eKboGOC0T8CDaOvkHCIg8idEI=
github.com/go-logr/logr v1.4.3/go.mod h1:9T104GzyrTigFIr8wt5mBrctHMim0Nb2HLGrmQ40KvY=
github.com/go-logr/stdr v1.2.2 h1:hSWxHoqTgW2S2qGc0LTAI563KZ5YKYRhT3MFKZMbjag=
github.com/go-logr/stdr v1.2.2/go.mod h1:mMo/vtBO5dYbehREoey6XUKy/eSumjCCveDpRre4VKE=
github.com/go-openapi/jsonpointer v0.21.0 h1:YgdVicSA9vH5RiHs9TZW5oyafXZFc6+2Vc1rr/O9oNQ=
github.com/go-openapi/jsonpointer v0.21.0/go.mod h1:IUyH9l/+uyhIYQ/PXVA41Rexl+kOkAPDdXEYns6fzUY=
github.com/go-openapi/swag v0.23.0 h1:vsEVJDUo2hPJ2tu0/Xc+4noaxyEffXNIs3cOULZ+GrE=
github.com/go-openapi/swag v0.23.0/go.mod h1:esZ8ITTYEsH1V2trKHjAN8Ai7xHb8RV+YSZ577vPjgQ=
github.com/go-test/deep v1.0.8 h1:TDsG77qcSprGbC6vTN8OuXp5g+J+b5Pcguhf7Zt61VM=
github.com/go-test/deep v1.0.8/go.mod h1:5C2ZWiW0ErCdrYzpqxLbTX7MG14M9iiw8DgHncVwcsE=
github.com/google/go-cmp v0.6.0 h1:ofyhxvXcZhMsU5ulbFiLKl/XBFqE1GSq7atu8tAmTRI=
github.com/google/go-cmp v0.6.0/go.mod h1:17dUlkBOakJ0+DkrSSNjCkIjxS6bF9zb3elmeNGIjoY=
github.com/google/uuid v1.6.0 h1:NIvaJDMOsjHA8n1jAhLSgzrAzy1Hgr+hNrb57e+94F0=
github.com/google/uuid v1.6.0/go.mod h1:TIyPZe4MgqvfeYDBFedMoGGpEw/LqOeaOT+nhxU+yHo=
github.com/grpc-ecosystem/grpc-gateway/v2 v2.22.0 h1:asbCHRVmodnJTuQ3qamDwqVOIjwqUPTYmYuemVOx+Ys=
github.com/grpc-ecosystem/grpc-gateway/v2 v2.22.0/go.mod h1:ggCgvZ2r7uOoQjOyu2Y1NhHmEPPzzuhWgcza5M1Ji1I=
github.com/hashicorp/go-cleanhttp v0.5.2 h1:035FKYIWjmULyFRBKPs8TBQoi0x6d9G4xc9neXJWAZQ=
github.com/hashicorp/go-cleanhttp v0.5.2/go.mod h1:kO/YDlP8L1346E6Sodw+PrpBSV4/SoxCXGY6BqNFT48=
github.com/hashicorp/go-hclog v1.6.3 h1:Qr2kF+eVWjTiYmU7Y31tYlP1h0q/X3Nl3tPGdaB11/k=
github.com/hashicorp/go-hclog v1.6.3/go.mod h1:W4Qnvbt70Wk/zYJryRzDRU/4r0kIg0PVHBcfoyhpF5M=
github.com/hashicorp/go-retryablehttp v0.7.8 h1:ylXZWnqa7Lhqpk0L1P1LzDtGcCR0rPVUrx/c8Unxc48=
github.com/hashicorp/go-retryablehttp v0.7.8/go.mod h1:rjiScheydd+CxvumBsIrFKlx3iS0jrZ7LvzFGFmuKbw=
github.com/josharian/intern v1.0.0 h1:vlS4z54oSdjm0bgjRigI+G1HpF+tI+9rE5LLzOg8HmY=
github.com/josharian/intern v1.0.0/go.mod h1:5DoeVV0s6jJacbCEi61lwdGj/aVlrQvzHFFd8Hwg//Y=
github.com/klauspost/compress v1.17.9 h1:6KIumPrER1LHsvBVuDa0r5xaG0Es51mhhB9BQB2qeMA=
github.com/klauspost/compress v1.17.9/go.mod h1:Di0epgTjJY877eYKx5yC51cX2A2Vl2ibi7bDH9ttBbw=
github.com/kr/pretty v0.3.1 h1:flRD4NNwYAUpkphVc1HcthR4KEIFJ65n8Mw5qdRn3LE=
github.com/kr/pretty v0.3.1/go.mod h1:hoEshYVHaxMs3cyo3Yncou5ZscifuDolrwPKZanG3xk=
github.com/kr/text v0.2.0 h1:5Nx0Ya0ZqY2ygV366QzturHI13Jq95ApcVaJBhpS+AY=
github.com/kr/text v0.2.0/go.mod h1:eLer722TekiGuMkidMxC/pM04lWEeraHUUmBw8l2grE=
github.com/kylelemons/godebug v1.1.0 h1:RPNrshWIDI6G2gRW9EHilWtl7Z6Sb1BR0xunSBf0SNc=
github.com/kylelemons/godebug v1.1.0/go.mod h1:9/0rRGxNHcop5bhtWyNeEfOS8JIWk580+fNqagV/RAw=
github.com/mailru/easyjson v0.7.7 h1:UGYAvKxe3sBsEDzO8ZeWOSlIQfWFlxbzLZe7hwFURr0=
github.com/mailru/easyjson v0.7.7/go.mod h1:xzfreul335JAWq5oZzymOObrkdz5UnU4kGfJJLY9Nlc=
github.com/mattn/go-colorable v0.1.13 h1:fFA4WZxdEF4tXPZVKMLwD8oUnCTTo08duU7wxecdEvA=
github.com/mattn/go-colorable v0.1.13/go.mod h1:7S9/ev0klgBDR4GtXTXX8a3vIGJpMovkB8vQcUbaXHg=
github.com/mattn/go-isatty v0.0.20 h1:xfD0iDuEKnDkl03q4limB+vH+GxLEtL/jb4xVJSWWEY=
github.com/mattn/go-isatty v0.0.20/go.mod h1:W+V8PltTTMOvKvAeJH7IuucS94S2C6jfK/D7dTCTo3Y=
github.com/mohae/deepcopy v0.0.0-20170929034955-c48cc78d4826 h1:RWengNIwukTxcDr9M+97sNutRR1RKhG96O6jWumTTnw=
github.com/mohae/deepcopy v0.0.0-20170929034955-c48cc78d4826/go.mod h1:TaXosZuwdSHYgviHp1DAtfrULt5eUgsSMsZf+YrPgl8=
github.com/munnerz/goautoneg v0.0.0-20191010083416-a7dc8b61c822 h1:C3w9PqII01/Oq1c1nUAm88MOHcQC9l5mIlSMApZMrHA=
github.com/munnerz/goautoneg v0.0.0-20191010083416-a7dc8b61c822/go.mod h1:+n7T8mK8HuQTcFwEeznm/DIxMOiR9yIdICNftLE1DvQ=
github.com/oasdiff/yaml v0.0.0-20250309154309-f31be36b4037 h1:G7ERwszslrBzRxj//JalHPu/3yz+De2J+4aLtSRlHiY=
github.com/oasdiff/yaml v0.0.0-20250309154309-f31be36b4037/go.mod h1:2bpvgLBZEtENV5scfDFEtB/5+1M4hkQhDQrccEJ/qGw=
github.com/oasdiff/yaml3 v0.0.0-20250309153720-d2182401db90 h1:bQx3WeLcUWy+RletIKwUIt4x3t8n2SxavmoclizMb8c=
github.com/oasdiff/yaml3 v0.0.0-20250309153720-d2182401db90/go.mod h1:y5+oSEHCPT/DGrS++Wc/479ERge0zTFxaF8PbGKcg2o=
github.com/pelletier/go-toml/v2 v2.0.9 h1:uH2qQXheeefCCkuBBSLi7jCiSmj3VRh2+Goq2N7Xxu0=
github.com/pelletier/go-toml/v2 v2.0.9/go.mod h1:tJU2Z3ZkXwnxa4DPO899bsyIoywizdUvyaeZurnPPDc=
github.com/perimeterx/marshmallow v1.1.5 h1:a2LALqQ1BlHM8PZblsDdidgv1mWi1DgC2UmX50IvK2s=
github.com/perimeterx/marshmallow v1.1.5/go.mod h1:dsXbUu8CRzfYP5a87xpp0xq9S3u0Vchtcl8we9tYaXw=
github.com/peterbourgon/ff/v4 v4.0.0-alpha.4 h1:aiqS8aBlF9PsAKeMddMSfbwp3smONCn3UO8QfUg0Z7Y=
github.com/peterbourgon/ff/v4 v4.0.0-alpha.4/go.mod h1:H/13DK46DKXy7EaIxPhk2Y0EC8aubKm35nBjBe8AAGc=
github.com/pingcap/errors v0.11.4 h1:lFuQV/oaUMGcD2tqt+01ROSmJs75VG1ToEOkZIZ4nE4=
github.com/pingcap/errors v0.11.4/go.mod h1:Oi8TUi2kEtXXLMJk9l1cGmz20kV3TaQ0usTwv5KuLY8=
github.com/pkg/errors v0.9.1 h1:FEBLx1zS214owpjy7qsBeixbURkuhQAwrK5UwLGTwt4=
github.com/pkg/errors v0.9.1/go.mod h1:bwawxfHBFNV+L2hUp1rHADufV3IMtnDRdf1r5NINEl0=
github.com/pmezard/go-difflib v1.0.0 h1:4DBwDE0NGyQoBHbLQYPwSUPoCMWR5BEzIk/f1lZbAQM=
github.com/pmezard/go-difflib v1.0.0/go.mod h1:iKH77koFhYxTK1pcRnkKkqfTogsbg7gZNVY4sRDYZ/4=
github.com/prashantv/gostub v1.1.0 h1:BTyx3RfQjRHnUWaGF9oQos79AlQ5k8WNktv7VGvVH4g=
github.com/prashantv/gostub v1.1.0/go.mod h1:A5zLQHz7ieHGG7is6LLXLz7I8+3LZzsrV0P1IAHhP5U=
github.com/prometheus/client_golang v1.20.5 h1:cxppBPuYhUnsO6yo/aoRol4L7q7UFfdm+bR9r+8l63Y=
github.com/prometheus/client_golang v1.20.5/go.mod h1:PIEt8X02hGcP8JWbeHyeZ53Y/jReSnHgO035n//V5WE=
github.com/prometheus/client_model v0.6.1 h1:ZKSh/rekM+n3CeS952MLRAdFwIKqeY8b62p8ais2e9E=
github.com/prometheus/client_model v0.6.1/go.mod h1:OrxVMOVHjw3lKMa8+x6HeMGkHMQyHDk9E3jmP2AmGiY=
github.com/prometheus/common v0.60.0 h1:+V9PAREWNvJMAuJ1x1BaWl9dewMW4YrHZQbx0sJNllA=
github.com/prometheus/common v0.60.0/go.mod h1:h0LYf1R1deLSKtD4Vdg8gy4RuOvENW2J/h19V5NADQw=
github.com/prometheus/procfs v0.15.1 h1:YagwOFzUgYfKKHX6Dr+sHT7km/hxC76UB0learggepc=
github.com/prometheus/procfs v0.15.1/go.mod h1:fB45yRUv8NstnjriLhBQLuOUt+WW4BsoGhij/e3PBqk=
github.com/replicate/go v0.0.0-20241101110715-45e9ae8c2040 h1:QNqEU/h6wxIPNNE/gwNBxybi5m1epHQNdmtVaOKUR9s=
github.com/replicate/go v0.0.0-20241101110715-45e9ae8c2040/go.mod h1:Vho7RByc9WPLRzaMPWVcGKpQvTQOhjhzS+BdBtWUKTg=
github.com/rogpeppe/go-internal v1.13.1 h1:KvO1DLK/DRN07sQ1LQKScxyZJuNnedQ5/wKSR38lUII=
github.com/rogpeppe/go-internal v1.13.1/go.mod h1:uMEvuHeurkdAXX61udpOXGD/AzZDWNMNyH2VO9fmH0o=
github.com/stretchr/testify v1.10.0 h1:Xv5erBjTwe/5IxqUQTdXv5kgmIvbHo3QQyRwhJsOfJA=
github.com/stretchr/testify v1.10.0/go.mod h1:r2ic/lqez/lEtzL7wO/rwa5dbSLXVDPFyf8C91i36aY=
github.com/ugorji/go/codec v1.2.7 h1:YPXUKf7fYbp/y8xloBqZOw2qaVggbfwMlI8WM3wZUJ0=
github.com/ugorji/go/codec v1.2.7/go.mod h1:WGN1fab3R1fzQlVQTkfxVtIBhWDRqOviHU95kRgeqEY=
go.opentelemetry.io/contrib/detectors/gcp v1.31.0 h1:G1JQOreVrfhRkner+l4mrGxmfqYCAuy76asTDAo0xsA=
go.opentelemetry.io/contrib/detectors/gcp v1.31.0/go.mod h1:tzQL6E1l+iV44YFTkcAeNQqzXUiekSYP9jjJjXwEd00=
go.opentelemetry.io/contrib/instrumentation/net/http/otelhttp v0.56.0 h1:UP6IpuHFkUgOQL9FFQFrZ+5LiwhhYRbi7VZSIx6Nj5s=
go.opentelemetry.io/contrib/instrumentation/net/http/otelhttp v0.56.0/go.mod h1:qxuZLtbq5QDtdeSHsS7bcf6EH6uO6jUAgk764zd3rhM=
go.opentelemetry.io/otel v1.31.0 h1:NsJcKPIW0D0H3NgzPDHmo0WW6SptzPdqg/L1zsIm2hY=
go.opentelemetry.io/otel v1.31.0/go.mod h1:O0C14Yl9FgkjqcCZAsE053C13OaddMYr/hz6clDkEJE=
go.opentelemetry.io/otel/exporters/otlp/otlpmetric/otlpmetrichttp v1.31.0 h1:ZsXq73BERAiNuuFXYqP4MR5hBrjXfMGSO+Cx7qoOZiM=
go.opentelemetry.io/otel/exporters/otlp/otlpmetric/otlpmetrichttp v1.31.0/go.mod h1:hg1zaDMpyZJuUzjFxFsRYBoccE86tM9Uf4IqNMUxvrY=
go.opentelemetry.io/otel/exporters/otlp/otlptrace v1.31.0 h1:K0XaT3DwHAcV4nKLzcQvwAgSyisUghWoY20I7huthMk=
go.opentelemetry.io/otel/exporters/otlp/otlptrace v1.31.0/go.mod h1:B5Ki776z/MBnVha1Nzwp5arlzBbE3+1jk+pGmaP5HME=
go.opentelemetry.io/otel/exporters/otlp/otlptrace/otlptracehttp v1.31.0 h1:lUsI2TYsQw2r1IASwoROaCnjdj2cvC2+Jbxvk6nHnWU=
go.opentelemetry.io/otel/exporters/otlp/otlptrace/otlptracehttp v1.31.0/go.mod h1:2HpZxxQurfGxJlJDblybejHB6RX6pmExPNe517hREw4=
go.opentelemetry.io/otel/exporters/prometheus v0.53.0 h1:QXobPHrwiGLM4ufrY3EOmDPJpo2P90UuFau4CDPJA/I=
go.opentelemetry.io/otel/exporters/prometheus v0.53.0/go.mod h1:WOAXGr3D00CfzmFxtTV1eR0GpoHuPEu+HJT8UWW2SIU=
go.opentelemetry.io/otel/metric v1.31.0 h1:FSErL0ATQAmYHUIzSezZibnyVlft1ybhy4ozRPcF2fE=
go.opentelemetry.io/otel/metric v1.31.0/go.mod h1:C3dEloVbLuYoX41KpmAhOqNriGbA+qqH6PQ5E5mUfnY=
go.opentelemetry.io/otel/sdk v1.31.0 h1:xLY3abVHYZ5HSfOg3l2E5LUj2Cwva5Y7yGxnSW9H5Gk=
go.opentelemetry.io/otel/sdk v1.31.0/go.mod h1:TfRbMdhvxIIr/B2N2LQW2S5v9m3gOQ/08KsbbO5BPT0=
go.opentelemetry.io/otel/sdk/metric v1.31.0 h1:i9hxxLJF/9kkvfHppyLL55aW7iIJz4JjxTeYusH7zMc=
go.opentelemetry.io/otel/sdk/metric v1.31.0/go.mod h1:CRInTMVvNhUKgSAMbKyTMxqOBC0zgyxzW55lZzX43Y8=
go.opentelemetry.io/otel/trace v1.31.0 h1:ffjsj1aRouKewfr85U2aGagJ46+MvodynlQ1HYdmJys=
go.opentelemetry.io/otel/trace v1.31.0/go.mod h1:TXZkRk7SM2ZQLtR6eoAWQFIHPvzQ06FJAsO1tJg480A=
go.opentelemetry.io/proto/otlp v1.3.1 h1:TrMUixzpM0yuc/znrFTP9MMRh8trP93mkCiDVeXrui0=
go.opentelemetry.io/proto/otlp v1.3.1/go.mod h1:0X1WI4de4ZsLrrJNLAQbFeLCm3T7yBkR0XqQ7niQU+8=
go.uber.org/automaxprocs v1.6.0 h1:O3y2/QNTOdbF+e/dpXNNW7Rx2hZ4sTIPyybbxyNqTUs=
go.uber.org/automaxprocs v1.6.0/go.mod h1:ifeIMSnPZuznNm6jmdzmU3/bfk01Fe2fotchwEFJ8r8=
go.uber.org/goleak v1.3.0 h1:2K3zAYmnTNqV73imy9J1T3WC+gmCePx2hEGkimedGto=
go.uber.org/goleak v1.3.0/go.mod h1:CoHD4mav9JJNrW/WLlf7HGZPjdw8EucARQHekz1X6bE=
go.uber.org/multierr v1.11.0 h1:blXXJkSxSSfBVBlC76pxqeO+LN3aDfLQo+309xJstO0=
go.uber.org/multierr v1.11.0/go.mod h1:20+QtiLqy0Nd6FdQB9TLXag12DsQkrbs3htMFfDN80Y=
go.uber.org/zap v1.27.0 h1:aJMhYGrd5QSmlpLMr2MftRKl7t8J8PTZPA732ud/XR8=
go.uber.org/zap v1.27.0/go.mod h1:GB2qFLM7cTU87MWRP2mPIjqfIDnGu+VIO4V/SdhGo2E=
golang.org/x/net v0.39.0 h1:ZCu7HMWDxpXpaiKdhzIfaltL9Lp31x/3fCP11bc6/fY=
golang.org/x/net v0.39.0/go.mod h1:X7NRbYVEA+ewNkCNyJ513WmMdQ3BineSwVtN2zD/d+E=
golang.org/x/sync v0.16.0 h1:ycBJEhp9p4vXvUZNszeOq0kGTPghopOL8q0fq3vstxw=
golang.org/x/sync v0.16.0/go.mod h1:1dzgHSNfp02xaA81J2MS99Qcpr2w7fw1gpm99rleRqA=
golang.org/x/sys v0.32.0 h1:s77OFDvIQeibCmezSnk/q6iAfkdiQaJi4VzroCFrN20=
golang.org/x/sys v0.32.0/go.mod h1:BJP2sWEmIv4KK5OTEluFJCKSidICx8ciO85XgH3Ak8k=
golang.org/x/text v0.24.0 h1:dd5Bzh4yt5KYA8f9CJHCP4FB4D51c2c6JvN37xJJkJ0=
golang.org/x/text v0.24.0/go.mod h1:L8rBsPeo2pSS+xqN0d5u2ikmjtmoJbDBT1b7nHvFCdU=
google.golang.org/genproto/googleapis/api v0.0.0-20241007155032-5fefd90f89a9 h1:T6rh4haD3GVYsgEfWExoCZA2o2FmbNyKpTuAxbEFPTg=
google.golang.org/genproto/googleapis/api v0.0.0-20241007155032-5fefd90f89a9/go.mod h1:wp2WsuBYj6j8wUdo3ToZsdxxixbvQNAHqVJrTgi5E5M=
google.golang.org/genproto/googleapis/rpc v0.0.0-20241007155032-5fefd90f89a9 h1:QCqS/PdaHTSWGvupk2F/ehwHtGc0/GYkT+3GAcR1CCc=
google.golang.org/genproto/googleapis/rpc v0.0.0-20241007155032-5fefd90f89a9/go.mod h1:GX3210XPVPUjJbTUbvwI8f2IpZDMZuPJWDzDuebbviI=
google.golang.org/grpc v1.67.1 h1:zWnc1Vrcno+lHZCOofnIMvycFcc0QRGIzm9dhnDX68E=
google.golang.org/grpc v1.67.1/go.mod h1:1gLDyUQU7CTLJI90u3nXZ9ekeghjeM7pTDZlqFNg2AA=
google.golang.org/protobuf v1.35.1 h1:m3LfL6/Ca+fqnjnlqQXNpFPABW1UD7mjh8KO2mKFytA=
google.golang.org/protobuf v1.35.1/go.mod h1:9fA7Ob0pmnwhb644+1+CVWFRbNajQ6iRojtC/QF5bRE=
gopkg.in/check.v1 v0.0.0-20161208181325-20d25e280405/go.mod h1:Co6ibVJAznAaIkqp8huTwlJQCZ016jof/cbN4VW5Yz0=
gopkg.in/check.v1 v1.0.0-20201130134442-10cb98267c6c h1:Hei/4ADfdWqJk1ZMxUNpqntNwaWcugrBjAiHlqqRiVk=
gopkg.in/check.v1 v1.0.0-20201130134442-10cb98267c6c/go.mod h1:JHkPIbrfpd72SG/EVd6muEfDQjcINNoR0C8j2r3qZ4Q=
gopkg.in/yaml.v2 v2.4.0 h1:D8xgwECY7CYvx+Y2n4sBz93Jn9JRvxdiyyo8CTfuKaY=
gopkg.in/yaml.v2 v2.4.0/go.mod h1:RDklbk79AGWmwhnvt/jBztapEOGDOx6ZbXqjP6csGnQ=
gopkg.in/yaml.v3 v3.0.1 h1:fxVm/GzAzEWqLHuvctI91KS9hhNmmWOoWu0XTYJS7CA=
gopkg.in/yaml.v3 v3.0.1/go.mod h1:K4uyk7z7BCEPqu6E+C64Yfv1cQ7kz7rIZviUmN+EgEM=
